
Microsoft Visual Studio Solution File, Format Version 12.00
# Visual Studio Version 16
VisualStudioVersion = 16.0.31402.337
MinimumVisualStudioVersion = 10.0.40219.1
Project("{FAE04EC0-301F-11D3-BF4B-00C04F79EFBC}") = "Truth_Table", "Truth_Table\Truth_Table.csproj", "{60387429-B810-4B6B-81B8-B3295762B639}"
EndProject
Project("{FAE04EC0-301F-11D3-BF4B-00C04F79EFBC}") = "TestTruth_Table", "TestTruth_Table\TestTruth_Table.csproj", "{C636A3B0-5994-4830-93BF-E6D8B43BAFD6}"
EndProject
Global
	GlobalSection(SolutionConfigurationPlatforms) = preSolution
		Debug|Any CPU = Debug|Any CPU
		Release|Any CPU = Release|Any CPU
	EndGlobalSection
	GlobalSection(ProjectConfigurationPlatforms) = postSolution
		{60387429-B810-4B6B-81B8-B3295762B639}.Debug|Any CPU.ActiveCfg = Debug|Any CPU
		{60387429-B810-4B6B-81B8-B3295762B639}.Debug|Any CPU.Build.0 = Debug|Any CPU
		{60387429-B810-4B6B-81B8-B3295762B639}.Release|Any CPU.ActiveCfg = Release|Any CPU
		{60387429-B810-4B6B-81B8-B3295762B639}.Release|Any CPU.Build.0 = Release|Any CPU
		{C636A3B0-5994-4830-93BF-E6D8B43BAFD6}.Debug|Any CPU.ActiveCfg = Debug|Any CPU
		{C636A3B0-5994-4830-93BF-E6D8B43BAFD6}.Debug|Any CPU.Build.0 = Debug|Any CPU
		{C636A3B0-5994-4830-93BF-E6D8B43BAFD6}.Release|Any CPU.ActiveCfg = Release|Any CPU
		{C636A3B0-5994-4830-93BF-E6D8B43BAFD6}.Release|Any CPU.Build.0 = Release|Any CPU
	EndGlobalSection
	GlobalSection(SolutionProperties) = preSolution
		HideSolutionNode = FALSE
	EndGlobalSection
	GlobalSection(ExtensibilityGlobals) = postSolution
		SolutionGuid = {69404307-5942-46FF-90F4-814EDA0D6F03}
	EndGlobalSection
EndGlobal
